# This file is automatically @generated by Cargo.
# It is not intended for manual editing.
version = 4

[[package]]
name = "grenat_ast"
version = "0.1.0"
dependencies = [
 "grenat_lexer",
]

[[package]]
name = "grenat_cli"
version = "0.1.0"
dependencies = [
 "grenat_lexer",
 "grenat_parser",
]

[[package]]
name = "grenat_lexer"
version = "0.1.0"

[[package]]
name = "grenat_parser"
version = "0.1.0"
dependencies = [
 "grenat_ast",
 "grenat_lexer",
]
